
Microsoft Visual Studio Solution File, Format Version 12.00
# Visual Studio Version 16
VisualStudioVersion = 16.0.31313.79
MinimumVisualStudioVersion = 10.0.40219.1
Project("{FAE04EC0-301F-11D3-BF4B-00C04F79EFBC}") = "krynkoASP1407", "krynkoASP1407.csproj", "{1627DEF5-AB14-4ED7-A376-6A7DD7CFC2C0}"
EndProject
Global
	GlobalSection(SolutionConfigurationPlatforms) = preSolution
		Debug|Any CPU = Debug|Any CPU
		Release|Any CPU = Release|Any CPU
	EndGlobalSection
	GlobalSection(ProjectConfigurationPlatforms) = postSolution
		{1627DEF5-AB14-4ED7-A376-6A7DD7CFC2C0}.Debug|Any CPU.ActiveCfg = Debug|Any CPU
		{1627DEF5-AB14-4ED7-A376-6A7DD7CFC2C0}.Debug|Any CPU.Build.0 = Debug|Any CPU
		{1627DEF5-AB14-4ED7-A376-6A7DD7CFC2C0}.Release|Any CPU.ActiveCfg = Release|Any CPU
		{1627DEF5-AB14-4ED7-A376-6A7DD7CFC2C0}.Release|Any CPU.Build.0 = Release|Any CPU
	EndGlobalSection
	GlobalSection(SolutionProperties) = preSolution
		HideSolutionNode = FALSE
	EndGlobalSection
	GlobalSection(ExtensibilityGlobals) = postSolution
		SolutionGuid = {85DE53D6-E977-437D-90DD-2C938F7CD050}
	EndGlobalSection
EndGlobal
